// !$*UTF8*$!
{
	archiveVersion = 1;
	classes = {
	};
	objectVersion = 56;
	objects = {

/* Begin PBXBuildFile section */
		1A01000000000000000000A1 /* AppSettings.swift in Sources */ = {isa = PBXBuildFile; fileRef = 2A01000000000000000000A1 /* AppSettings.swift */; };
		1A01000000000000000000A2 /* ContentView.swift in Sources */ = {isa = PBXBuildFile; fileRef = 2A01000000000000000000A2 /* ContentView.swift */; };
		1A01000000000000000000A3 /* LocalNetwork.swift in Sources */ = {isa = PBXBuildFile; fileRef = 2A01000000000000000000A3 /* LocalNetwork.swift */; };
		1A01000000000000000000A4 /* RemoteButton.swift in Sources */ = {isa = PBXBuildFile; fileRef = 2A01000000000000000000A4 /* RemoteButton.swift */; };
		1A01000000000000000000A5 /* SamsungRemoteApp.swift in Sources */ = {isa = PBXBuildFile; fileRef = 2A01000000000000000000A5 /* SamsungRemoteApp.swift */; };
		1A01000000000000000000A6 /* SamsungTVClient.swift in Sources */ = {isa = PBXBuildFile; fileRef = 2A01000000000000000000A6 /* SamsungTVClient.swift */; };
		1A01000000000000000000A7 /* SavedTV.swift in Sources */ = {isa = PBXBuildFile; fileRef = 2A01000000000000000000A7 /* SavedTV.swift */; };
		1A01000000000000000000A8 /* SettingsView.swift in Sources */ = {isa = PBXBuildFile; fileRef = 2A01000000000000000000A8 /* SettingsView.swift */; };
		1A01000000000000000000A9 /* TVKey.swift in Sources */ = {isa = PBXBuildFile; fileRef = 2A01000000000000000000A9 /* TVKey.swift */; };
		1A01000000000000000000AA /* TVScanner.swift in Sources */ = {isa = PBXBuildFile; fileRef = 2A01000000000000000000AA /* TVScanner.swift */; };
		1A01000000000000000000AB /* WakeOnLAN.swift in Sources */ = {isa = PBXBuildFile; fileRef = 2A01000000000000000000AB /* WakeOnLAN.swift */; };
		1A02000000000000000000B1 /* Assets.xcassets in Resources */ = {isa = PBXBuildFile; fileRef = 2A02000000000000000000B1 /* Assets.xcassets */; };
		1A02000000000000000000B2 /* Preview Assets.xcassets in Resources */ = {isa = PBXBuildFile; fileRef = 2A02000000000000000000B2 /* Preview Assets.xcassets */; };
/* End PBXBuildFile section */

/* Begin PBXFileReference section */
		2A01000000000000000000A1 /* AppSettings.swift */ = {isa = PBXFileReference; lastKnownFileType = sourcecode.swift; path = AppSettings.swift; sourceTree = "<group>"; };
		2A01000000000000000000A2 /* ContentView.swift */ = {isa = PBXFileReference; lastKnownFileType = sourcecode.swift; path = ContentView.swift; sourceTree = "<group>"; };
		2A01000000000000000000A3 /* LocalNetwork.swift */ = {isa = PBXFileReference; lastKnownFileType = sourcecode.swift; path = LocalNetwork.swift; sourceTree = "<group>"; };
		2A01000000000000000000A4 /* RemoteButton.swift */ = {isa = PBXFileReference; lastKnownFileType = sourcecode.swift; path = RemoteButton.swift; sourceTree = "<group>"; };
		2A01000000000000000000A5 /* SamsungRemoteApp.swift */ = {isa = PBXFileReference; lastKnownFileType = sourcecode.swift; path = SamsungRemoteApp.swift; sourceTree = "<group>"; };
		2A01000000000000000000A6 /* SamsungTVClient.swift */ = {isa = PBXFileReference; lastKnownFileType = sourcecode.swift; path = SamsungTVClient.swift; sourceTree = "<group>"; };
		2A01000000000000000000A7 /* SavedTV.swift */ = {isa = PBXFileReference; lastKnownFileType = sourcecode.swift; path = SavedTV.swift; sourceTree = "<group>"; };
		2A01000000000000000000A8 /* SettingsView.swift */ = {isa = PBXFileReference; lastKnownFileType = sourcecode.swift; path = SettingsView.swift; sourceTree = "<group>"; };
		2A01000000000000000000A9 /* TVKey.swift */ = {isa = PBXFileReference; lastKnownFileType = sourcecode.swift; path = TVKey.swift; sourceTree = "<group>"; };
		2A01000000000000000000AA /* TVScanner.swift */ = {isa = PBXFileReference; lastKnownFileType = sourcecode.swift; path = TVScanner.swift; sourceTree = "<group>"; };
		2A01000000000000000000AB /* WakeOnLAN.swift */ = {isa = PBXFileReference; lastKnownFileType = sourcecode.swift; path = WakeOnLAN.swift; sourceTree = "<group>"; };
		2A02000000000000000000B1 /* Assets.xcassets */ = {isa = PBXFileReference; lastKnownFileType = folder.assetcatalog; path = Assets.xcassets; sourceTree = "<group>"; };
		2A02000000000000000000B2 /* Preview Assets.xcassets */ = {isa = PBXFileReference; lastKnownFileType = folder.assetcatalog; path = "Preview Assets.xcassets"; sourceTree = "<group>"; };
		2A02000000000000000000B3 /* Info.plist */ = {isa = PBXFileReference; lastKnownFileType = text.plist.xml; path = Info.plist; sourceTree = "<group>"; };
		2A03000000000000000000C1 /* SamsungRemote.app */ = {isa = PBXFileReference; explicitFileType = wrapper.application; includeInIndex = 0; path = SamsungRemote.app; sourceTree = BUILT_PRODUCTS_DIR; };
/* End PBXFileReference section */

/* Begin PBXFrameworksBuildPhase section */
		4A0100000000000000000002 /* Frameworks */ = {
			isa = PBXFrameworksBuildPhase;
			buildActionMask = 2147483647;
			files = (
			);
			runOnlyForDeploymentPostprocessing = 0;
		};
/* End PBXFrameworksBuildPhase section */

/* Begin PBXGroup section */
		3A0100000000000000000001 = {
			isa = PBXGroup;
			children = (
				3A0100000000000000000002 /* SamsungRemote */,
				3A0100000000000000000003 /* Products */,
			);
			sourceTree = "<group>";
		};
		3A0100000000000000000002 /* SamsungRemote */ = {
			isa = PBXGroup;
			children = (
				2A01000000000000000000A5 /* SamsungRemoteApp.swift */,
				2A01000000000000000000A2 /* ContentView.swift */,
				2A01000000000000000000A8 /* SettingsView.swift */,
				2A01000000000000000000A4 /* RemoteButton.swift */,
				2A01000000000000000000A1 /* AppSettings.swift */,
				2A01000000000000000000A6 /* SamsungTVClient.swift */,
				2A01000000000000000000A7 /* SavedTV.swift */,
				2A01000000000000000000A9 /* TVKey.swift */,
				2A01000000000000000000AA /* TVScanner.swift */,
				2A01000000000000000000AB /* WakeOnLAN.swift */,
				2A01000000000000000000A3 /* LocalNetwork.swift */,
				2A02000000000000000000B1 /* Assets.xcassets */,
				3A0100000000000000000004 /* Preview Content */,
				2A02000000000000000000B3 /* Info.plist */,
			);
			path = SamsungRemote;
			sourceTree = "<group>";
		};
		3A0100000000000000000003 /* Products */ = {
			isa = PBXGroup;
			children = (
				2A03000000000000000000C1 /* SamsungRemote.app */,
			);
			name = Products;
			sourceTree = "<group>";
		};
		3A0100000000000000000004 /* Preview Content */ = {
			isa = PBXGroup;
			children = (
				2A02000000000000000000B2 /* Preview Assets.xcassets */,
			);
			path = "Preview Content";
			sourceTree = "<group>";
		};
/* End PBXGroup section */

/* Begin PBXNativeTarget section */
		7A0100000000000000000001 /* SamsungRemote */ = {
			isa = PBXNativeTarget;
			buildConfigurationList = 6A0100000000000000000002 /* Build configuration list for PBXNativeTarget "SamsungRemote" */;
			buildPhases = (
				4A0100000000000000000001 /* Sources */,
				4A0100000000000000000002 /* Frameworks */,
				4A0100000000000000000003 /* Resources */,
			);
			buildRules = (
			);
			dependencies = (
			);
			name = SamsungRemote;
			productName = SamsungRemote;
			productReference = 2A03000000000000000000C1 /* SamsungRemote.app */;
			productType = "com.apple.product-type.application";
		};
/* End PBXNativeTarget section */

/* Begin PBXProject section */
		8A0100000000000000000001 /* Project object */ = {
			isa = PBXProject;
			attributes = {
				BuildIndependentTargetsInParallel = 1;
				LastSwiftUpdateCheck = 1500;
				LastUpgradeCheck = 1500;
				TargetAttributes = {
					7A0100000000000000000001 = {
						CreatedOnToolsVersion = 15.0;
					};
				};
			};
			buildConfigurationList = 6A0100000000000000000001 /* Build configuration list for PBXProject "SamsungRemote" */;
			compatibilityVersion = "Xcode 14.0";
			developmentRegion = en;
			hasScannedForEncodings = 0;
			knownRegions = (
				en,
				Base,
			);
			mainGroup = 3A0100000000000000000001;
			productRefGroup = 3A0100000000000000000003 /* Products */;
			projectDirPath = "";
			projectRoot = "";
			targets = (
				7A0100000000000000000001 /* SamsungRemote */,
			);
		};
/* End PBXProject section */

/* Begin PBXResourcesBuildPhase section */
		4A0100000000000000000003 /* Resources */ = {
			isa = PBXResourcesBuildPhase;
			buildActionMask = 2147483647;
			files = (
				1A02000000000000000000B1 /* Assets.xcassets in Resources */,
				1A02000000000000000000B2 /* Preview Assets.xcassets in Resources */,
			);
			runOnlyForDeploymentPostprocessing = 0;
		};
/* End PBXResourcesBuildPhase section */

/* Begin PBXSourcesBuildPhase section */
		4A0100000000000000000001 /* Sources */ = {
			isa = PBXSourcesBuildPhase;
			buildActionMask = 2147483647;
			files = (
				1A01000000000000000000A5 /* SamsungRemoteApp.swift in Sources */,
				1A01000000000000000000A2 /* ContentView.swift in Sources */,
				1A01000000000000000000A8 /* SettingsView.swift in Sources */,
				1A01000000000000000000A4 /* RemoteButton.swift in Sources */,
				1A01000000000000000000A1 /* AppSettings.swift in Sources */,
				1A01000000000000000000A6 /* SamsungTVClient.swift in Sources */,
				1A01000000000000000000A7 /* SavedTV.swift in Sources */,
				1A01000000000000000000A9 /* TVKey.swift in Sources */,
				1A01000000000000000000AA /* TVScanner.swift in Sources */,
				1A01000000000000000000AB /* WakeOnLAN.swift in Sources */,
				1A01000000000000000000A3 /* LocalNetwork.swift in Sources */,
			);
			runOnlyForDeploymentPostprocessing = 0;
		};
/* End PBXSourcesBuildPhase section */

/* Begin XCBuildConfiguration section */
		5A0100000000000000000001 /* Debug */ = {
			isa = XCBuildConfiguration;
			buildSettings = {
				ALWAYS_SEARCH_USER_PATHS = NO;
				CLANG_ANALYZER_NONNULL = YES;
				CLANG_ANALYZER_NUMBER_OBJECT_CONVERSION = YES_AGGRESSIVE;
				CLANG_CXX_LANGUAGE_STANDARD = "gnu++20";
				CLANG_ENABLE_MODULES = YES;
				CLANG_ENABLE_OBJC_ARC = YES;
				CLANG_ENABLE_OBJC_WEAK = YES;
				CLANG_WARN_BLOCK_CAPTURE_AUTORELEASING = YES;
				CLANG_WARN_BOOL_CONVERSION = YES;
				CLANG_WARN_COMMA = YES;
				CLANG_WARN_CONSTANT_CONVERSION = YES;
				CLANG_WARN_DEPRECATED_OBJC_IMPLEMENTATIONS = YES;
				CLANG_WARN_DIRECT_OBJC_ISA_USAGE = YES_ERROR;
				CLANG_WARN_DOCUMENTATION_COMMENTS = YES;
				CLANG_WARN_EMPTY_BODY = YES;
				CLANG_WARN_ENUM_CONVERSION = YES;
				CLANG_WARN_INFINITE_RECURSION = YES;
				CLANG_WARN_INT_CONVERSION = YES;
				CLANG_WARN_NON_LITERAL_NULL_CONVERSION = YES;
				CLANG_WARN_OBJC_IMPLICIT_RETAIN_SELF = YES;
				CLANG_WARN_OBJC_LITERAL_CONVERSION = YES;
				CLANG_WARN_OBJC_ROOT_CLASS = YES_ERROR;
				CLANG_WARN_QUOTED_INCLUDE_IN_FRAMEWORK_HEADER = YES;
				CLANG_WARN_RANGE_LOOP_ANALYSIS = YES;
				CLANG_WARN_STRICT_PROTOTYPES = YES;
				CLANG_WARN_SUSPICIOUS_MOVE = YES;
				CLANG_WARN_UNGUARDED_AVAILABILITY = YES_AGGRESSIVE;
				CLANG_WARN_UNREACHABLE_CODE = YES;
				CLANG_WARN__DUPLICATE_METHOD_MATCH = YES;
				COPY_PHASE_STRIP = NO;
				DEBUG_INFORMATION_FORMAT = dwarf;
				ENABLE_STRICT_OBJC_MSGSEND = YES;
				ENABLE_TESTABILITY = YES;
				GCC_C_LANGUAGE_STANDARD = gnu17;
				GCC_DYNAMIC_NO_PIC = NO;
				GCC_NO_COMMON_BLOCKS = YES;
				GCC_OPTIMIZATION_LEVEL = 0;
				GCC_PREPROCESSOR_DEFINITIONS = (
					"DEBUG=1",
					"$(inherited)",
				);
				GCC_WARN_64_TO_32_BIT_CONVERSION = YES;
				GCC_WARN_ABOUT_RETURN_TYPE = YES_ERROR;
				GCC_WARN_UNDECLARED_SELECTOR = YES;
				GCC_WARN_UNINITIALIZED_AUTOS = YES_AGGRESSIVE;
				GCC_WARN_UNUSED_FUNCTION = YES;
				GCC_WARN_UNUSED_VARIABLE = YES;
				IPHONEOS_DEPLOYMENT_TARGET = 16.0;
				MTL_ENABLE_DEBUG_INFO = INCLUDE_SOURCE;
				MTL_FAST_MATH = YES;
				ONLY_ACTIVE_ARCH = YES;
				SDKROOT = iphoneos;
				SWIFT_ACTIVE_COMPILATION_CONDITIONS = "DEBUG $(inherited)";
				SWIFT_OPTIMIZATION_LEVEL = "-Onone";
			};
			name = Debug;
		};
		5A0100000000000000000002 /* Release */ = {
			isa = XCBuildConfiguration;
			buildSettings = {
				ALWAYS_SEARCH_USER_PATHS = NO;
				CLANG_ANALYZER_NONNULL = YES;
				CLANG_ANALYZER_NUMBER_OBJECT_CONVERSION = YES_AGGRESSIVE;
				CLANG_CXX_LANGUAGE_STANDARD = "gnu++20";
				CLANG_ENABLE_MODULES = YES;
				CLANG_ENABLE_OBJC_ARC = YES;
				CLANG_ENABLE_OBJC_WEAK = YES;
				CLANG_WARN_BLOCK_CAPTURE_AUTORELEASING = YES;
				CLANG_WARN_BOOL_CONVERSION = YES;
				CLANG_WARN_COMMA = YES;
				CLANG_WARN_CONSTANT_CONVERSION = YES;
				CLANG_WARN_DEPRECATED_OBJC_IMPLEMENTATIONS = YES;
				CLANG_WARN_DIRECT_OBJC_ISA_USAGE = YES_ERROR;
				CLANG_WARN_DOCUMENTATION_COMMENTS = YES;
				CLANG_WARN_EMPTY_BODY = YES;
				CLANG_WARN_ENUM_CONVERSION = YES;
				CLANG_WARN_INFINITE_RECURSION = YES;
				CLANG_WARN_INT_CONVERSION = YES;
				CLANG_WARN_NON_LITERAL_NULL_CONVERSION = YES;
				CLANG_WARN_OBJC_IMPLICIT_RETAIN_SELF = YES;
				CLANG_WARN_OBJC_LITERAL_CONVERSION = YES;
				CLANG_WARN_OBJC_ROOT_CLASS = YES_ERROR;
				CLANG_WARN_QUOTED_INCLUDE_IN_FRAMEWORK_HEADER = YES;
				CLANG_WARN_RANGE_LOOP_ANALYSIS = YES;
				CLANG_WARN_STRICT_PROTOTYPES = YES;
				CLANG_WARN_SUSPICIOUS_MOVE = YES;
				CLANG_WARN_UNGUARDED_AVAILABILITY = YES_AGGRESSIVE;
				CLANG_WARN_UNREACHABLE_CODE = YES;
				CLANG_WARN__DUPLICATE_METHOD_MATCH = YES;
				COPY_PHASE_STRIP = NO;
				DEBUG_INFORMATION_FORMAT = "dwarf-with-dsym";
				ENABLE_NS_ASSERTIONS = NO;
				ENABLE_STRICT_OBJC_MSGSEND = YES;
				GCC_C_LANGUAGE_STANDARD = gnu17;
				GCC_NO_COMMON_BLOCKS = YES;
				GCC_WARN_64_TO_32_BIT_CONVERSION = YES;
				GCC_WARN_ABOUT_RETURN_TYPE = YES_ERROR;
				GCC_WARN_UNDECLARED_SELECTOR = YES;
				GCC_WARN_UNINITIALIZED_AUTOS = YES_AGGRESSIVE;
				GCC_WARN_UNUSED_FUNCTION = YES;
				GCC_WARN_UNUSED_VARIABLE = YES;
				IPHONEOS_DEPLOYMENT_TARGET = 16.0;
				MTL_ENABLE_DEBUG_INFO = NO;
				MTL_FAST_MATH = YES;
				SDKROOT = iphoneos;
				SWIFT_COMPILATION_MODE = wholemodule;
				VALIDATE_PRODUCT = YES;
			};
			name = Release;
		};
		5A0100000000000000000003 /* Debug */ = {
			isa = XCBuildConfiguration;
			buildSettings = {
				ASSETCATALOG_COMPILER_APPICON_NAME = AppIcon;
				ASSETCATALOG_COMPILER_GLOBAL_ACCENT_COLOR_NAME = AccentColor;
				CODE_SIGN_STYLE = Automatic;
				CURRENT_PROJECT_VERSION = 1;
				DEVELOPMENT_ASSET_PATHS = "\"SamsungRemote/Preview Content\"";
				ENABLE_PREVIEWS = YES;
				GENERATE_INFOPLIST_FILE = NO;
				INFOPLIST_FILE = SamsungRemote/Info.plist;
				LD_RUNPATH_SEARCH_PATHS = (
					"$(inherited)",
					"@executable_path/Frameworks",
				);
				MARKETING_VERSION = 1.0;
				PRODUCT_BUNDLE_IDENTIFIER = com.example.SamsungRemote;
				PRODUCT_NAME = "$(TARGET_NAME)";
				SWIFT_EMIT_LOC_STRINGS = YES;
				SWIFT_VERSION = 5.0;
				TARGETED_DEVICE_FAMILY = "1,2";
			};
			name = Debug;
		};
		5A0100000000000000000004 /* Release */ = {
			isa = XCBuildConfiguration;
			buildSettings = {
				ASSETCATALOG_COMPILER_APPICON_NAME = AppIcon;
				ASSETCATALOG_COMPILER_GLOBAL_ACCENT_COLOR_NAME = AccentColor;
				CODE_SIGN_STYLE = Automatic;
				CURRENT_PROJECT_VERSION = 1;
				DEVELOPMENT_ASSET_PATHS = "\"SamsungRemote/Preview Content\"";
				ENABLE_PREVIEWS = YES;
				GENERATE_INFOPLIST_FILE = NO;
				INFOPLIST_FILE = SamsungRemote/Info.plist;
				LD_RUNPATH_SEARCH_PATHS = (
					"$(inherited)",
					"@executable_path/Frameworks",
				);
				MARKETING_VERSION = 1.0;
				PRODUCT_BUNDLE_IDENTIFIER = com.example.SamsungRemote;
				PRODUCT_NAME = "$(TARGET_NAME)";
				SWIFT_EMIT_LOC_STRINGS = YES;
				SWIFT_VERSION = 5.0;
				TARGETED_DEVICE_FAMILY = "1,2";
			};
			name = Release;
		};
/* End XCBuildConfiguration section */

/* Begin XCConfigurationList section */
		6A0100000000000000000001 /* Build configuration list for PBXProject "SamsungRemote" */ = {
			isa = XCConfigurationList;
			buildConfigurations = (
				5A0100000000000000000001 /* Debug */,
				5A0100000000000000000002 /* Release */,
			);
			defaultConfigurationIsVisible = 0;
			defaultConfigurationName = Release;
		};
		6A0100000000000000000002 /* Build configuration list for PBXNativeTarget "SamsungRemote" */ = {
			isa = XCConfigurationList;
			buildConfigurations = (
				5A0100000000000000000003 /* Debug */,
				5A0100000000000000000004 /* Release */,
			);
			defaultConfigurationIsVisible = 0;
			defaultConfigurationName = Release;
		};
/* End XCConfigurationList section */
	};
	rootObject = 8A0100000000000000000001 /* Project object */;
}
